
Microsoft Visual Studio Solution File, Format Version 12.00
# Visual Studio 15
VisualStudioVersion = 15.0.28010.2050
MinimumVisualStudioVersion = 10.0.40219.1
Project("{FAE04EC0-301F-11D3-BF4B-00C04F79EFBC}") = "PhotoMover", "PhotoMover\PhotoMover.csproj", "{E396E56F-54DE-4FD8-AB4D-C0B748F77C84}"
EndProject
Global
	GlobalSection(SolutionConfigurationPlatforms) = preSolution
		Debug|Any CPU = Debug|Any CPU
		Release|Any CPU = Release|Any CPU
	EndGlobalSection
	GlobalSection(ProjectConfigurationPlatforms) = postSolution
		{E396E56F-54DE-4FD8-AB4D-C0B748F77C84}.Debug|Any CPU.ActiveCfg = Debug|Any CPU
		{E396E56F-54DE-4FD8-AB4D-C0B748F77C84}.Debug|Any CPU.Build.0 = Debug|Any CPU
		{E396E56F-54DE-4FD8-AB4D-C0B748F77C84}.Release|Any CPU.ActiveCfg = Release|Any CPU
		{E396E56F-54DE-4FD8-AB4D-C0B748F77C84}.Release|Any CPU.Build.0 = Release|Any CPU
	EndGlobalSection
	GlobalSection(SolutionProperties) = preSolution
		HideSolutionNode = FALSE
	EndGlobalSection
	GlobalSection(ExtensibilityGlobals) = postSolution
		SolutionGuid = {1E7730F4-52D1-43E1-B648-4F8D547C6451}
	EndGlobalSection
EndGlobal
